
Microsoft Visual Studio Solution File, Format Version 12.00
# Visual Studio Version 16
VisualStudioVersion = 16.0.31911.196
MinimumVisualStudioVersion = 10.0.40219.1
Project("{FAE04EC0-301F-11D3-BF4B-00C04F79EFBC}") = "TransporaMirgateData", "TransporaMirgateData\TransporaMirgateData.csproj", "{65710338-DC96-45C0-B9F5-2C239B9611DD}"
EndProject
Global
	GlobalSection(SolutionConfigurationPlatforms) = preSolution
		Debug|Any CPU = Debug|Any CPU
		Release|Any CPU = Release|Any CPU
	EndGlobalSection
	GlobalSection(ProjectConfigurationPlatforms) = postSolution
		{65710338-DC96-45C0-B9F5-2C239B9611DD}.Debug|Any CPU.ActiveCfg = Debug|Any CPU
		{65710338-DC96-45C0-B9F5-2C239B9611DD}.Debug|Any CPU.Build.0 = Debug|Any CPU
		{65710338-DC96-45C0-B9F5-2C239B9611DD}.Release|Any CPU.ActiveCfg = Release|Any CPU
		{65710338-DC96-45C0-B9F5-2C239B9611DD}.Release|Any CPU.Build.0 = Release|Any CPU
	EndGlobalSection
	GlobalSection(SolutionProperties) = preSolution
		HideSolutionNode = FALSE
	EndGlobalSection
	GlobalSection(ExtensibilityGlobals) = postSolution
		SolutionGuid = {1E16B3DD-36B0-460D-88A4-0FFF82743112}
	EndGlobalSection
EndGlobal
